
Microsoft Visual Studio Solution File, Format Version 12.00
# Visual Studio 14
VisualStudioVersion = 14.0.23107.0
MinimumVisualStudioVersion = 10.0.40219.1
Project("{FAE04EC0-301F-11D3-BF4B-00C04F79EFBC}") = "PGMEWindowsUI", "PGMEWindowsUI\PGMEWindowsUI.csproj", "{D2052647-5C6A-44CF-A54B-BFB9A83CA6A0}"
EndProject
Project("{FAE04EC0-301F-11D3-BF4B-00C04F79EFBC}") = "PGMEBackend", "PGMEBackend\PGMEBackend.csproj", "{1683693F-34E2-44B3-BE78-FBC1E224858F}"
EndProject
Global
	GlobalSection(SolutionConfigurationPlatforms) = preSolution
		Debug|Any CPU = Debug|Any CPU
		Release|Any CPU = Release|Any CPU
	EndGlobalSection
	GlobalSection(ProjectConfigurationPlatforms) = postSolution
		{D2052647-5C6A-44CF-A54B-BFB9A83CA6A0}.Debug|Any CPU.ActiveCfg = Debug|Any CPU
		{D2052647-5C6A-44CF-A54B-BFB9A83CA6A0}.Debug|Any CPU.Build.0 = Debug|Any CPU
		{D2052647-5C6A-44CF-A54B-BFB9A83CA6A0}.Release|Any CPU.ActiveCfg = Release|Any CPU
		{D2052647-5C6A-44CF-A54B-BFB9A83CA6A0}.Release|Any CPU.Build.0 = Release|Any CPU
		{1683693F-34E2-44B3-BE78-FBC1E224858F}.Debug|Any CPU.ActiveCfg = Debug|Any CPU
		{1683693F-34E2-44B3-BE78-FBC1E224858F}.Debug|Any CPU.Build.0 = Debug|Any CPU
		{1683693F-34E2-44B3-BE78-FBC1E224858F}.Release|Any CPU.ActiveCfg = Release|Any CPU
		{1683693F-34E2-44B3-BE78-FBC1E224858F}.Release|Any CPU.Build.0 = Release|Any CPU
	EndGlobalSection
	GlobalSection(SolutionProperties) = preSolution
		HideSolutionNode = FALSE
	EndGlobalSection
EndGlobal
