
Microsoft Visual Studio Solution File, Format Version 12.00
# Visual Studio 14
VisualStudioVersion = 14.0.23107.0
MinimumVisualStudioVersion = 10.0.40219.1
Project("{2150E333-8FDC-42A3-9474-1A3956D46DE8}") = "GBA", "GBA", "{11F7052A-61DD-4259-931C-E8BA30D92FAB}"
EndProject
Project("{2150E333-8FDC-42A3-9474-1A3956D46DE8}") = "Compressor", "Compressor", "{A60C23D1-54FF-4E8A-A411-E6AD7B89D72A}"
EndProject
Project("{FAE04EC0-301F-11D3-BF4B-00C04F79EFBC}") = "GBAcore", "GBA\GBAcore.csproj", "{3BE7150F-648C-4B5F-BA42-AE8306074E94}"
	ProjectSection(ProjectDependencies) = postProject
		{1A9CCA06-EF33-4625-8DC1-A6E83EB80E66} = {1A9CCA06-EF33-4625-8DC1-A6E83EB80E66}
	EndProjectSection
EndProject
Project("{FAE04EC0-301F-11D3-BF4B-00C04F79EFBC}") = "GBA ASM editor", "GBA ASM editor\GBA ASM editor.csproj", "{96113FFC-A453-480E-86D1-C0D317695E2C}"
	ProjectSection(ProjectDependencies) = postProject
		{3BE7150F-648C-4B5F-BA42-AE8306074E94} = {3BE7150F-648C-4B5F-BA42-AE8306074E94}
	EndProjectSection
EndProject
Project("{FAE04EC0-301F-11D3-BF4B-00C04F79EFBC}") = "GBA Graphics Editor", "GBA Graphics Editor\GBA Graphics Editor.csproj", "{3BA68091-EE43-47EF-BEBA-CE51BA6D04A1}"
	ProjectSection(ProjectDependencies) = postProject
		{3BE7150F-648C-4B5F-BA42-AE8306074E94} = {3BE7150F-648C-4B5F-BA42-AE8306074E94}
	EndProjectSection
EndProject
Project("{FAE04EC0-301F-11D3-BF4B-00C04F79EFBC}") = "MAR array inserter", "MAR array inserter\MAR array inserter.csproj", "{DE4085EF-61E6-48C5-8D5A-2EFE591669F8}"
	ProjectSection(ProjectDependencies) = postProject
		{3BE7150F-648C-4B5F-BA42-AE8306074E94} = {3BE7150F-648C-4B5F-BA42-AE8306074E94}
	EndProjectSection
EndProject
Project("{FAE04EC0-301F-11D3-BF4B-00C04F79EFBC}") = "UPSpatcher", "UPSpatcher\UPSpatcher.csproj", "{739AE4FC-C344-452D-ACBE-7CF61CF25EB8}"
	ProjectSection(ProjectDependencies) = postProject
		{1A9CCA06-EF33-4625-8DC1-A6E83EB80E66} = {1A9CCA06-EF33-4625-8DC1-A6E83EB80E66}
	EndProjectSection
EndProject
Project("{FAE04EC0-301F-11D3-BF4B-00C04F79EFBC}") = "ROMhackingCore", "ROMhackingCore\ROMhackingCore.csproj", "{1A9CCA06-EF33-4625-8DC1-A6E83EB80E66}"
EndProject
Project("{FAE04EC0-301F-11D3-BF4B-00C04F79EFBC}") = "LZ77", "..\NL Compressor\LZ77\LZ77.csproj", "{06D37D28-562A-44E0-88C1-63994E14BC2E}"
EndProject
Project("{FAE04EC0-301F-11D3-BF4B-00C04F79EFBC}") = "FEDS portrait compression", "..\NL Compressor\FEDS portrait compression\FEDS portrait compression.csproj", "{49A4E7E3-AB5D-4F1E-84D4-59824D55BE4F}"
EndProject
Project("{FAE04EC0-301F-11D3-BF4B-00C04F79EFBC}") = "RLE", "..\NL Compressor\RLE\RLE.csproj", "{20651994-5C5D-4B15-A393-D9C8701F6550}"
EndProject
Project("{FAE04EC0-301F-11D3-BF4B-00C04F79EFBC}") = "Nintenlord Compressor", "..\NL Compressor\Compressor\Nintenlord Compressor.csproj", "{F0F8753D-5960-43B4-81F6-A0018A7762A5}"
EndProject
Project("{FAE04EC0-301F-11D3-BF4B-00C04F79EFBC}") = "FETextEditor", "FETextEditor\FETextEditor.csproj", "{B7936F01-734A-4304-AFEE-A6CEF8ABA085}"
	ProjectSection(ProjectDependencies) = postProject
		{8FA48EF8-3E11-494A-B587-592D7C22EFDF} = {8FA48EF8-3E11-494A-B587-592D7C22EFDF}
	EndProjectSection
EndProject
Project("{2150E333-8FDC-42A3-9474-1A3956D46DE8}") = "Event Assembler", "Event Assembler", "{D9DE4454-01BF-47E0-A4EC-9870FDED4196}"
EndProject
Project("{FAE04EC0-301F-11D3-BF4B-00C04F79EFBC}") = "Core", "..\Event assembler\Core\Core.csproj", "{E42C2BFC-4DDC-4E80-A54F-80606AE255ED}"
EndProject
Project("{FAE04EC0-301F-11D3-BF4B-00C04F79EFBC}") = "Event assembler", "..\Event assembler\Event assembler\Event assembler.csproj", "{84C43E97-CE18-4A33-99BF-98A19E5E2093}"
	ProjectSection(ProjectDependencies) = postProject
		{D0FE49CC-1B13-4C04-B3C1-C1A9B1872A36} = {D0FE49CC-1B13-4C04-B3C1-C1A9B1872A36}
		{8FA48EF8-3E11-494A-B587-592D7C22EFDF} = {8FA48EF8-3E11-494A-B587-592D7C22EFDF}
	EndProjectSection
EndProject
Project("{FAE04EC0-301F-11D3-BF4B-00C04F79EFBC}") = "NigthmareListToEAdefinitions", "..\Event assembler\NigthmareListToEAdefinitions\NigthmareListToEAdefinitions.csproj", "{2ADB8ED4-647E-4DCC-9387-E50D6A03CA39}"
EndProject
Project("{FAE04EC0-301F-11D3-BF4B-00C04F79EFBC}") = "ReadBinaryAndWriteText", "..\Event assembler\ReadBinaryAndWriteText\ReadBinaryAndWriteText.csproj", "{55442AA5-FCF5-46B4-9172-C87C220B740B}"
EndProject
Project("{FAE04EC0-301F-11D3-BF4B-00C04F79EFBC}") = "TiledMapInserter", "TiledMapInserter\TiledMapInserter.csproj", "{3D608722-1A6C-45F7-9A5C-014DCAEA4032}"
EndProject
Project("{FAE04EC0-301F-11D3-BF4B-00C04F79EFBC}") = "LZ11", "..\NL Compressor\LZ11\LZ11.csproj", "{5DBF6DE3-CD14-4107-AA65-66C8ACB838FD}"
EndProject
Project("{FAE04EC0-301F-11D3-BF4B-00C04F79EFBC}") = "DSTextFileEditor", "..\DSTextFileSeparator\DSTextFileEditor.csproj", "{8A725164-6D07-4B8E-8508-DAB995D6CD49}"
EndProject
Project("{FAE04EC0-301F-11D3-BF4B-00C04F79EFBC}") = "NLsFeditor", "..\NLsFeditor\NLsFeditor.csproj", "{048B3274-7EA8-437E-A018-7FBB125C6686}"
EndProject
Project("{FAE04EC0-301F-11D3-BF4B-00C04F79EFBC}") = "NLightmare", "..\NLightmare\NLightmare.csproj", "{0F0DAE89-66C5-45DB-9B42-9B86ECE0E084}"
EndProject
Project("{2150E333-8FDC-42A3-9474-1A3956D46DE8}") = "FEditor Components", "FEditor Components", "{B15BDB12-6A4A-433E-8A3B-26049EE339F9}"
EndProject
Project("{FAE04EC0-301F-11D3-BF4B-00C04F79EFBC}") = "PortraitInserter", "..\PortraitInserter\PortraitInserter.csproj", "{7CD6DE69-5E6C-4CB6-AD55-F0D517447773}"
EndProject
Project("{FAE04EC0-301F-11D3-BF4B-00C04F79EFBC}") = "Core", "Core\Core.csproj", "{C24EB2F9-2705-4A93-898D-CE1F580D0995}"
EndProject
Project("{2150E333-8FDC-42A3-9474-1A3956D46DE8}") = "ROMHacking", "ROMHacking", "{B2FA4CB2-1E40-417A-AC71-A613B7C87BBD}"
EndProject
Project("{FAE04EC0-301F-11D3-BF4B-00C04F79EFBC}") = "Nintenlord", "..\..\Nintenlord\Nintenlord.csproj", "{8FA48EF8-3E11-494A-B587-592D7C22EFDF}"
EndProject
Project("{FAE04EC0-301F-11D3-BF4B-00C04F79EFBC}") = "Nintenlord.Forms", "..\..\Nintenlord.Forms\Nintenlord.Forms.csproj", "{D0FE49CC-1B13-4C04-B3C1-C1A9B1872A36}"
EndProject
Global
	GlobalSection(SolutionConfigurationPlatforms) = preSolution
		Debug|Any CPU = Debug|Any CPU
		Debug|Mixed Platforms = Debug|Mixed Platforms
		Debug|x86 = Debug|x86
		Debug|Xbox 360 = Debug|Xbox 360
		Debug|Zune = Debug|Zune
		Release|Any CPU = Release|Any CPU
		Release|Mixed Platforms = Release|Mixed Platforms
		Release|x86 = Release|x86
		Release|Xbox 360 = Release|Xbox 360
		Release|Zune = Release|Zune
	EndGlobalSection
	GlobalSection(ProjectConfigurationPlatforms) = postSolution
		{3BE7150F-648C-4B5F-BA42-AE8306074E94}.Debug|Any CPU.ActiveCfg = Debug|Any CPU
		{3BE7150F-648C-4B5F-BA42-AE8306074E94}.Debug|Any CPU.Build.0 = Debug|Any CPU
		{3BE7150F-648C-4B5F-BA42-AE8306074E94}.Debug|Mixed Platforms.ActiveCfg = Debug|Any CPU
		{3BE7150F-648C-4B5F-BA42-AE8306074E94}.Debug|Mixed Platforms.Build.0 = Debug|Any CPU
		{3BE7150F-648C-4B5F-BA42-AE8306074E94}.Debug|x86.ActiveCfg = Debug|Any CPU
		{3BE7150F-648C-4B5F-BA42-AE8306074E94}.Debug|Xbox 360.ActiveCfg = Debug|Any CPU
		{3BE7150F-648C-4B5F-BA42-AE8306074E94}.Debug|Zune.ActiveCfg = Debug|Any CPU
		{3BE7150F-648C-4B5F-BA42-AE8306074E94}.Release|Any CPU.ActiveCfg = Release|Any CPU
		{3BE7150F-648C-4B5F-BA42-AE8306074E94}.Release|Any CPU.Build.0 = Release|Any CPU
		{3BE7150F-648C-4B5F-BA42-AE8306074E94}.Release|Mixed Platforms.ActiveCfg = Release|Any CPU
		{3BE7150F-648C-4B5F-BA42-AE8306074E94}.Release|Mixed Platforms.Build.0 = Release|Any CPU
		{3BE7150F-648C-4B5F-BA42-AE8306074E94}.Release|x86.ActiveCfg = Release|Any CPU
		{3BE7150F-648C-4B5F-BA42-AE8306074E94}.Release|Xbox 360.ActiveCfg = Release|Any CPU
		{3BE7150F-648C-4B5F-BA42-AE8306074E94}.Release|Zune.ActiveCfg = Release|Any CPU
		{96113FFC-A453-480E-86D1-C0D317695E2C}.Debug|Any CPU.ActiveCfg = Debug|Any CPU
		{96113FFC-A453-480E-86D1-C0D317695E2C}.Debug|Any CPU.Build.0 = Debug|Any CPU
		{96113FFC-A453-480E-86D1-C0D317695E2C}.Debug|Mixed Platforms.ActiveCfg = Debug|Any CPU
		{96113FFC-A453-480E-86D1-C0D317695E2C}.Debug|Mixed Platforms.Build.0 = Debug|Any CPU
		{96113FFC-A453-480E-86D1-C0D317695E2C}.Debug|x86.ActiveCfg = Debug|Any CPU
		{96113FFC-A453-480E-86D1-C0D317695E2C}.Debug|Xbox 360.ActiveCfg = Debug|Any CPU
		{96113FFC-A453-480E-86D1-C0D317695E2C}.Debug|Zune.ActiveCfg = Debug|Any CPU
		{96113FFC-A453-480E-86D1-C0D317695E2C}.Release|Any CPU.ActiveCfg = Release|Any CPU
		{96113FFC-A453-480E-86D1-C0D317695E2C}.Release|Any CPU.Build.0 = Release|Any CPU
		{96113FFC-A453-480E-86D1-C0D317695E2C}.Release|Mixed Platforms.ActiveCfg = Release|Any CPU
		{96113FFC-A453-480E-86D1-C0D317695E2C}.Release|Mixed Platforms.Build.0 = Release|Any CPU
		{96113FFC-A453-480E-86D1-C0D317695E2C}.Release|x86.ActiveCfg = Release|Any CPU
		{96113FFC-A453-480E-86D1-C0D317695E2C}.Release|Xbox 360.ActiveCfg = Release|Any CPU
		{96113FFC-A453-480E-86D1-C0D317695E2C}.Release|Zune.ActiveCfg = Release|Any CPU
		{3BA68091-EE43-47EF-BEBA-CE51BA6D04A1}.Debug|Any CPU.ActiveCfg = Debug|Any CPU
		{3BA68091-EE43-47EF-BEBA-CE51BA6D04A1}.Debug|Any CPU.Build.0 = Debug|Any CPU
		{3BA68091-EE43-47EF-BEBA-CE51BA6D04A1}.Debug|Mixed Platforms.ActiveCfg = Debug|Any CPU
		{3BA68091-EE43-47EF-BEBA-CE51BA6D04A1}.Debug|Mixed Platforms.Build.0 = Debug|Any CPU
		{3BA68091-EE43-47EF-BEBA-CE51BA6D04A1}.Debug|x86.ActiveCfg = Debug|Any CPU
		{3BA68091-EE43-47EF-BEBA-CE51BA6D04A1}.Debug|Xbox 360.ActiveCfg = Debug|Any CPU
		{3BA68091-EE43-47EF-BEBA-CE51BA6D04A1}.Debug|Zune.ActiveCfg = Debug|Any CPU
		{3BA68091-EE43-47EF-BEBA-CE51BA6D04A1}.Release|Any CPU.ActiveCfg = Release|Any CPU
		{3BA68091-EE43-47EF-BEBA-CE51BA6D04A1}.Release|Any CPU.Build.0 = Release|Any CPU
		{3BA68091-EE43-47EF-BEBA-CE51BA6D04A1}.Release|Mixed Platforms.ActiveCfg = Release|Any CPU
		{3BA68091-EE43-47EF-BEBA-CE51BA6D04A1}.Release|Mixed Platforms.Build.0 = Release|Any CPU
		{3BA68091-EE43-47EF-BEBA-CE51BA6D04A1}.Release|x86.ActiveCfg = Release|Any CPU
		{3BA68091-EE43-47EF-BEBA-CE51BA6D04A1}.Release|Xbox 360.ActiveCfg = Release|Any CPU
		{3BA68091-EE43-47EF-BEBA-CE51BA6D04A1}.Release|Zune.ActiveCfg = Release|Any CPU
		{DE4085EF-61E6-48C5-8D5A-2EFE591669F8}.Debug|Any CPU.ActiveCfg = Debug|Any CPU
		{DE4085EF-61E6-48C5-8D5A-2EFE591669F8}.Debug|Any CPU.Build.0 = Debug|Any CPU
		{DE4085EF-61E6-48C5-8D5A-2EFE591669F8}.Debug|Mixed Platforms.ActiveCfg = Debug|Any CPU
		{DE4085EF-61E6-48C5-8D5A-2EFE591669F8}.Debug|Mixed Platforms.Build.0 = Debug|Any CPU
		{DE4085EF-61E6-48C5-8D5A-2EFE591669F8}.Debug|x86.ActiveCfg = Debug|Any CPU
		{DE4085EF-61E6-48C5-8D5A-2EFE591669F8}.Debug|Xbox 360.ActiveCfg = Debug|Any CPU
		{DE4085EF-61E6-48C5-8D5A-2EFE591669F8}.Debug|Zune.ActiveCfg = Debug|Any CPU
		{DE4085EF-61E6-48C5-8D5A-2EFE591669F8}.Release|Any CPU.ActiveCfg = Release|Any CPU
		{DE4085EF-61E6-48C5-8D5A-2EFE591669F8}.Release|Any CPU.Build.0 = Release|Any CPU
		{DE4085EF-61E6-48C5-8D5A-2EFE591669F8}.Release|Mixed Platforms.ActiveCfg = Release|Any CPU
		{DE4085EF-61E6-48C5-8D5A-2EFE591669F8}.Release|Mixed Platforms.Build.0 = Release|Any CPU
		{DE4085EF-61E6-48C5-8D5A-2EFE591669F8}.Release|x86.ActiveCfg = Release|Any CPU
		{DE4085EF-61E6-48C5-8D5A-2EFE591669F8}.Release|Xbox 360.ActiveCfg = Release|Any CPU
		{DE4085EF-61E6-48C5-8D5A-2EFE591669F8}.Release|Zune.ActiveCfg = Release|Any CPU
		{739AE4FC-C344-452D-ACBE-7CF61CF25EB8}.Debug|Any CPU.ActiveCfg = Debug|Any CPU
		{739AE4FC-C344-452D-ACBE-7CF61CF25EB8}.Debug|Any CPU.Build.0 = Debug|Any CPU
		{739AE4FC-C344-452D-ACBE-7CF61CF25EB8}.Debug|Mixed Platforms.ActiveCfg = Debug|Any CPU
		{739AE4FC-C344-452D-ACBE-7CF61CF25EB8}.Debug|Mixed Platforms.Build.0 = Debug|Any CPU
		{739AE4FC-C344-452D-ACBE-7CF61CF25EB8}.Debug|x86.ActiveCfg = Debug|Any CPU
		{739AE4FC-C344-452D-ACBE-7CF61CF25EB8}.Debug|Xbox 360.ActiveCfg = Debug|Any CPU
		{739AE4FC-C344-452D-ACBE-7CF61CF25EB8}.Debug|Zune.ActiveCfg = Debug|Any CPU
		{739AE4FC-C344-452D-ACBE-7CF61CF25EB8}.Release|Any CPU.ActiveCfg = Release|Any CPU
		{739AE4FC-C344-452D-ACBE-7CF61CF25EB8}.Release|Any CPU.Build.0 = Release|Any CPU
		{739AE4FC-C344-452D-ACBE-7CF61CF25EB8}.Release|Mixed Platforms.ActiveCfg = Release|Any CPU
		{739AE4FC-C344-452D-ACBE-7CF61CF25EB8}.Release|Mixed Platforms.Build.0 = Release|Any CPU
		{739AE4FC-C344-452D-ACBE-7CF61CF25EB8}.Release|x86.ActiveCfg = Release|Any CPU
		{739AE4FC-C344-452D-ACBE-7CF61CF25EB8}.Release|Xbox 360.ActiveCfg = Release|Any CPU
		{739AE4FC-C344-452D-ACBE-7CF61CF25EB8}.Release|Zune.ActiveCfg = Release|Any CPU
		{1A9CCA06-EF33-4625-8DC1-A6E83EB80E66}.Debug|Any CPU.ActiveCfg = Debug|Any CPU
		{1A9CCA06-EF33-4625-8DC1-A6E83EB80E66}.Debug|Any CPU.Build.0 = Debug|Any CPU
		{1A9CCA06-EF33-4625-8DC1-A6E83EB80E66}.Debug|Mixed Platforms.ActiveCfg = Debug|Any CPU
		{1A9CCA06-EF33-4625-8DC1-A6E83EB80E66}.Debug|Mixed Platforms.Build.0 = Debug|Any CPU
		{1A9CCA06-EF33-4625-8DC1-A6E83EB80E66}.Debug|x86.ActiveCfg = Debug|Any CPU
		{1A9CCA06-EF33-4625-8DC1-A6E83EB80E66}.Debug|Xbox 360.ActiveCfg = Debug|Any CPU
		{1A9CCA06-EF33-4625-8DC1-A6E83EB80E66}.Debug|Zune.ActiveCfg = Debug|Any CPU
		{1A9CCA06-EF33-4625-8DC1-A6E83EB80E66}.Release|Any CPU.ActiveCfg = Release|Any CPU
		{1A9CCA06-EF33-4625-8DC1-A6E83EB80E66}.Release|Any CPU.Build.0 = Release|Any CPU
		{1A9CCA06-EF33-4625-8DC1-A6E83EB80E66}.Release|Mixed Platforms.ActiveCfg = Release|Any CPU
		{1A9CCA06-EF33-4625-8DC1-A6E83EB80E66}.Release|Mixed Platforms.Build.0 = Release|Any CPU
		{1A9CCA06-EF33-4625-8DC1-A6E83EB80E66}.Release|x86.ActiveCfg = Release|Any CPU
		{1A9CCA06-EF33-4625-8DC1-A6E83EB80E66}.Release|Xbox 360.ActiveCfg = Release|Any CPU
		{1A9CCA06-EF33-4625-8DC1-A6E83EB80E66}.Release|Zune.ActiveCfg = Release|Any CPU
		{06D37D28-562A-44E0-88C1-63994E14BC2E}.Debug|Any CPU.ActiveCfg = Debug|Any CPU
		{06D37D28-562A-44E0-88C1-63994E14BC2E}.Debug|Any CPU.Build.0 = Debug|Any CPU
		{06D37D28-562A-44E0-88C1-63994E14BC2E}.Debug|Mixed Platforms.ActiveCfg = Debug|Any CPU
		{06D37D28-562A-44E0-88C1-63994E14BC2E}.Debug|Mixed Platforms.Build.0 = Debug|Any CPU
		{06D37D28-562A-44E0-88C1-63994E14BC2E}.Debug|x86.ActiveCfg = Debug|Any CPU
		{06D37D28-562A-44E0-88C1-63994E14BC2E}.Debug|Xbox 360.ActiveCfg = Debug|Any CPU
		{06D37D28-562A-44E0-88C1-63994E14BC2E}.Debug|Zune.ActiveCfg = Debug|Any CPU
		{06D37D28-562A-44E0-88C1-63994E14BC2E}.Release|Any CPU.ActiveCfg = Release|Any CPU
		{06D37D28-562A-44E0-88C1-63994E14BC2E}.Release|Any CPU.Build.0 = Release|Any CPU
		{06D37D28-562A-44E0-88C1-63994E14BC2E}.Release|Mixed Platforms.ActiveCfg = Release|Any CPU
		{06D37D28-562A-44E0-88C1-63994E14BC2E}.Release|Mixed Platforms.Build.0 = Release|Any CPU
		{06D37D28-562A-44E0-88C1-63994E14BC2E}.Release|x86.ActiveCfg = Release|Any CPU
		{06D37D28-562A-44E0-88C1-63994E14BC2E}.Release|Xbox 360.ActiveCfg = Release|Any CPU
		{06D37D28-562A-44E0-88C1-63994E14BC2E}.Release|Zune.ActiveCfg = Release|Any CPU
		{49A4E7E3-AB5D-4F1E-84D4-59824D55BE4F}.Debug|Any CPU.ActiveCfg = Debug|Any CPU
		{49A4E7E3-AB5D-4F1E-84D4-59824D55BE4F}.Debug|Any CPU.Build.0 = Debug|Any CPU
		{49A4E7E3-AB5D-4F1E-84D4-59824D55BE4F}.Debug|Mixed Platforms.ActiveCfg = Debug|Any CPU
		{49A4E7E3-AB5D-4F1E-84D4-59824D55BE4F}.Debug|Mixed Platforms.Build.0 = Debug|Any CPU
		{49A4E7E3-AB5D-4F1E-84D4-59824D55BE4F}.Debug|x86.ActiveCfg = Debug|Any CPU
		{49A4E7E3-AB5D-4F1E-84D4-59824D55BE4F}.Debug|Xbox 360.ActiveCfg = Debug|Any CPU
		{49A4E7E3-AB5D-4F1E-84D4-59824D55BE4F}.Debug|Zune.ActiveCfg = Debug|Any CPU
		{49A4E7E3-AB5D-4F1E-84D4-59824D55BE4F}.Release|Any CPU.ActiveCfg = Release|Any CPU
		{49A4E7E3-AB5D-4F1E-84D4-59824D55BE4F}.Release|Any CPU.Build.0 = Release|Any CPU
		{49A4E7E3-AB5D-4F1E-84D4-59824D55BE4F}.Release|Mixed Platforms.ActiveCfg = Release|Any CPU
		{49A4E7E3-AB5D-4F1E-84D4-59824D55BE4F}.Release|Mixed Platforms.Build.0 = Release|Any CPU
		{49A4E7E3-AB5D-4F1E-84D4-59824D55BE4F}.Release|x86.ActiveCfg = Release|Any CPU
		{49A4E7E3-AB5D-4F1E-84D4-59824D55BE4F}.Release|Xbox 360.ActiveCfg = Release|Any CPU
		{49A4E7E3-AB5D-4F1E-84D4-59824D55BE4F}.Release|Zune.ActiveCfg = Release|Any CPU
		{20651994-5C5D-4B15-A393-D9C8701F6550}.Debug|Any CPU.ActiveCfg = Debug|Any CPU
		{20651994-5C5D-4B15-A393-D9C8701F6550}.Debug|Any CPU.Build.0 = Debug|Any CPU
		{20651994-5C5D-4B15-A393-D9C8701F6550}.Debug|Mixed Platforms.ActiveCfg = Debug|Any CPU
		{20651994-5C5D-4B15-A393-D9C8701F6550}.Debug|Mixed Platforms.Build.0 = Debug|Any CPU
		{20651994-5C5D-4B15-A393-D9C8701F6550}.Debug|x86.ActiveCfg = Debug|Any CPU
		{20651994-5C5D-4B15-A393-D9C8701F6550}.Debug|Xbox 360.ActiveCfg = Debug|Any CPU
		{20651994-5C5D-4B15-A393-D9C8701F6550}.Debug|Zune.ActiveCfg = Debug|Any CPU
		{20651994-5C5D-4B15-A393-D9C8701F6550}.Release|Any CPU.ActiveCfg = Release|Any CPU
		{20651994-5C5D-4B15-A393-D9C8701F6550}.Release|Any CPU.Build.0 = Release|Any CPU
		{20651994-5C5D-4B15-A393-D9C8701F6550}.Release|Mixed Platforms.ActiveCfg = Release|Any CPU
		{20651994-5C5D-4B15-A393-D9C8701F6550}.Release|Mixed Platforms.Build.0 = Release|Any CPU
		{20651994-5C5D-4B15-A393-D9C8701F6550}.Release|x86.ActiveCfg = Release|Any CPU
		{20651994-5C5D-4B15-A393-D9C8701F6550}.Release|Xbox 360.ActiveCfg = Release|Any CPU
		{20651994-5C5D-4B15-A393-D9C8701F6550}.Release|Zune.ActiveCfg = Release|Any CPU
		{F0F8753D-5960-43B4-81F6-A0018A7762A5}.Debug|Any CPU.ActiveCfg = Debug|Any CPU
		{F0F8753D-5960-43B4-81F6-A0018A7762A5}.Debug|Any CPU.Build.0 = Debug|Any CPU
		{F0F8753D-5960-43B4-81F6-A0018A7762A5}.Debug|Mixed Platforms.ActiveCfg = Debug|Any CPU
		{F0F8753D-5960-43B4-81F6-A0018A7762A5}.Debug|Mixed Platforms.Build.0 = Debug|Any CPU
		{F0F8753D-5960-43B4-81F6-A0018A7762A5}.Debug|x86.ActiveCfg = Debug|Any CPU
		{F0F8753D-5960-43B4-81F6-A0018A7762A5}.Debug|Xbox 360.ActiveCfg = Debug|Any CPU
		{F0F8753D-5960-43B4-81F6-A0018A7762A5}.Debug|Zune.ActiveCfg = Debug|Any CPU
		{F0F8753D-5960-43B4-81F6-A0018A7762A5}.Release|Any CPU.ActiveCfg = Release|Any CPU
		{F0F8753D-5960-43B4-81F6-A0018A7762A5}.Release|Any CPU.Build.0 = Release|Any CPU
		{F0F8753D-5960-43B4-81F6-A0018A7762A5}.Release|Mixed Platforms.ActiveCfg = Release|Any CPU
		{F0F8753D-5960-43B4-81F6-A0018A7762A5}.Release|Mixed Platforms.Build.0 = Release|Any CPU
		{F0F8753D-5960-43B4-81F6-A0018A7762A5}.Release|x86.ActiveCfg = Release|Any CPU
		{F0F8753D-5960-43B4-81F6-A0018A7762A5}.Release|Xbox 360.ActiveCfg = Release|Any CPU
		{F0F8753D-5960-43B4-81F6-A0018A7762A5}.Release|Zune.ActiveCfg = Release|Any CPU
		{B7936F01-734A-4304-AFEE-A6CEF8ABA085}.Debug|Any CPU.ActiveCfg = Debug|Any CPU
		{B7936F01-734A-4304-AFEE-A6CEF8ABA085}.Debug|Any CPU.Build.0 = Debug|Any CPU
		{B7936F01-734A-4304-AFEE-A6CEF8ABA085}.Debug|Mixed Platforms.ActiveCfg = Debug|x86
		{B7936F01-734A-4304-AFEE-A6CEF8ABA085}.Debug|Mixed Platforms.Build.0 = Debug|x86
		{B7936F01-734A-4304-AFEE-A6CEF8ABA085}.Debug|x86.ActiveCfg = Debug|x86
		{B7936F01-734A-4304-AFEE-A6CEF8ABA085}.Debug|x86.Build.0 = Debug|x86
		{B7936F01-734A-4304-AFEE-A6CEF8ABA085}.Debug|Xbox 360.ActiveCfg = Debug|x86
		{B7936F01-734A-4304-AFEE-A6CEF8ABA085}.Debug|Zune.ActiveCfg = Debug|Any CPU
		{B7936F01-734A-4304-AFEE-A6CEF8ABA085}.Release|Any CPU.ActiveCfg = Release|Any CPU
		{B7936F01-734A-4304-AFEE-A6CEF8ABA085}.Release|Any CPU.Build.0 = Release|Any CPU
		{B7936F01-734A-4304-AFEE-A6CEF8ABA085}.Release|Mixed Platforms.ActiveCfg = Release|x86
		{B7936F01-734A-4304-AFEE-A6CEF8ABA085}.Release|Mixed Platforms.Build.0 = Release|x86
		{B7936F01-734A-4304-AFEE-A6CEF8ABA085}.Release|x86.ActiveCfg = Release|x86
		{B7936F01-734A-4304-AFEE-A6CEF8ABA085}.Release|x86.Build.0 = Release|x86
		{B7936F01-734A-4304-AFEE-A6CEF8ABA085}.Release|Xbox 360.ActiveCfg = Release|x86
		{B7936F01-734A-4304-AFEE-A6CEF8ABA085}.Release|Zune.ActiveCfg = Release|Any CPU
		{E42C2BFC-4DDC-4E80-A54F-80606AE255ED}.Debug|Any CPU.ActiveCfg = Debug|Any CPU
		{E42C2BFC-4DDC-4E80-A54F-80606AE255ED}.Debug|Any CPU.Build.0 = Debug|Any CPU
		{E42C2BFC-4DDC-4E80-A54F-80606AE255ED}.Debug|Mixed Platforms.ActiveCfg = Debug|Any CPU
		{E42C2BFC-4DDC-4E80-A54F-80606AE255ED}.Debug|Mixed Platforms.Build.0 = Debug|Any CPU
		{E42C2BFC-4DDC-4E80-A54F-80606AE255ED}.Debug|x86.ActiveCfg = Debug|Any CPU
		{E42C2BFC-4DDC-4E80-A54F-80606AE255ED}.Debug|Xbox 360.ActiveCfg = Debug|Any CPU
		{E42C2BFC-4DDC-4E80-A54F-80606AE255ED}.Debug|Zune.ActiveCfg = Debug|Any CPU
		{E42C2BFC-4DDC-4E80-A54F-80606AE255ED}.Release|Any CPU.ActiveCfg = Release|Any CPU
		{E42C2BFC-4DDC-4E80-A54F-80606AE255ED}.Release|Any CPU.Build.0 = Release|Any CPU
		{E42C2BFC-4DDC-4E80-A54F-80606AE255ED}.Release|Mixed Platforms.ActiveCfg = Release|Any CPU
		{E42C2BFC-4DDC-4E80-A54F-80606AE255ED}.Release|Mixed Platforms.Build.0 = Release|Any CPU
		{E42C2BFC-4DDC-4E80-A54F-80606AE255ED}.Release|x86.ActiveCfg = Release|Any CPU
		{E42C2BFC-4DDC-4E80-A54F-80606AE255ED}.Release|Xbox 360.ActiveCfg = Release|Any CPU
		{E42C2BFC-4DDC-4E80-A54F-80606AE255ED}.Release|Zune.ActiveCfg = Release|Any CPU
		{84C43E97-CE18-4A33-99BF-98A19E5E2093}.Debug|Any CPU.ActiveCfg = Debug|Any CPU
		{84C43E97-CE18-4A33-99BF-98A19E5E2093}.Debug|Any CPU.Build.0 = Debug|Any CPU
		{84C43E97-CE18-4A33-99BF-98A19E5E2093}.Debug|Mixed Platforms.ActiveCfg = Debug|Any CPU
		{84C43E97-CE18-4A33-99BF-98A19E5E2093}.Debug|Mixed Platforms.Build.0 = Debug|Any CPU
		{84C43E97-CE18-4A33-99BF-98A19E5E2093}.Debug|x86.ActiveCfg = Debug|Any CPU
		{84C43E97-CE18-4A33-99BF-98A19E5E2093}.Debug|Xbox 360.ActiveCfg = Debug|Any CPU
		{84C43E97-CE18-4A33-99BF-98A19E5E2093}.Debug|Zune.ActiveCfg = Debug|Any CPU
		{84C43E97-CE18-4A33-99BF-98A19E5E2093}.Release|Any CPU.ActiveCfg = Release|Any CPU
		{84C43E97-CE18-4A33-99BF-98A19E5E2093}.Release|Any CPU.Build.0 = Release|Any CPU
		{84C43E97-CE18-4A33-99BF-98A19E5E2093}.Release|Mixed Platforms.ActiveCfg = Release|Any CPU
		{84C43E97-CE18-4A33-99BF-98A19E5E2093}.Release|Mixed Platforms.Build.0 = Release|Any CPU
		{84C43E97-CE18-4A33-99BF-98A19E5E2093}.Release|x86.ActiveCfg = Release|Any CPU
		{84C43E97-CE18-4A33-99BF-98A19E5E2093}.Release|Xbox 360.ActiveCfg = Release|Any CPU
		{84C43E97-CE18-4A33-99BF-98A19E5E2093}.Release|Zune.ActiveCfg = Release|Any CPU
		{2ADB8ED4-647E-4DCC-9387-E50D6A03CA39}.Debug|Any CPU.ActiveCfg = Debug|Any CPU
		{2ADB8ED4-647E-4DCC-9387-E50D6A03CA39}.Debug|Any CPU.Build.0 = Debug|Any CPU
		{2ADB8ED4-647E-4DCC-9387-E50D6A03CA39}.Debug|Mixed Platforms.ActiveCfg = Debug|Any CPU
		{2ADB8ED4-647E-4DCC-9387-E50D6A03CA39}.Debug|Mixed Platforms.Build.0 = Debug|Any CPU
		{2ADB8ED4-647E-4DCC-9387-E50D6A03CA39}.Debug|x86.ActiveCfg = Debug|Any CPU
		{2ADB8ED4-647E-4DCC-9387-E50D6A03CA39}.Debug|Xbox 360.ActiveCfg = Debug|Any CPU
		{2ADB8ED4-647E-4DCC-9387-E50D6A03CA39}.Debug|Zune.ActiveCfg = Debug|Any CPU
		{2ADB8ED4-647E-4DCC-9387-E50D6A03CA39}.Release|Any CPU.ActiveCfg = Release|Any CPU
		{2ADB8ED4-647E-4DCC-9387-E50D6A03CA39}.Release|Any CPU.Build.0 = Release|Any CPU
		{2ADB8ED4-647E-4DCC-9387-E50D6A03CA39}.Release|Mixed Platforms.ActiveCfg = Release|Any CPU
		{2ADB8ED4-647E-4DCC-9387-E50D6A03CA39}.Release|Mixed Platforms.Build.0 = Release|Any CPU
		{2ADB8ED4-647E-4DCC-9387-E50D6A03CA39}.Release|x86.ActiveCfg = Release|Any CPU
		{2ADB8ED4-647E-4DCC-9387-E50D6A03CA39}.Release|Xbox 360.ActiveCfg = Release|Any CPU
		{2ADB8ED4-647E-4DCC-9387-E50D6A03CA39}.Release|Zune.ActiveCfg = Release|Any CPU
		{55442AA5-FCF5-46B4-9172-C87C220B740B}.Debug|Any CPU.ActiveCfg = Debug|Any CPU
		{55442AA5-FCF5-46B4-9172-C87C220B740B}.Debug|Any CPU.Build.0 = Debug|Any CPU
		{55442AA5-FCF5-46B4-9172-C87C220B740B}.Debug|Mixed Platforms.ActiveCfg = Debug|Any CPU
		{55442AA5-FCF5-46B4-9172-C87C220B740B}.Debug|Mixed Platforms.Build.0 = Debug|Any CPU
		{55442AA5-FCF5-46B4-9172-C87C220B740B}.Debug|x86.ActiveCfg = Debug|Any CPU
		{55442AA5-FCF5-46B4-9172-C87C220B740B}.Debug|Xbox 360.ActiveCfg = Debug|Any CPU
		{55442AA5-FCF5-46B4-9172-C87C220B740B}.Debug|Zune.ActiveCfg = Debug|Any CPU
		{55442AA5-FCF5-46B4-9172-C87C220B740B}.Release|Any CPU.ActiveCfg = Release|Any CPU
		{55442AA5-FCF5-46B4-9172-C87C220B740B}.Release|Any CPU.Build.0 = Release|Any CPU
		{55442AA5-FCF5-46B4-9172-C87C220B740B}.Release|Mixed Platforms.ActiveCfg = Release|Any CPU
		{55442AA5-FCF5-46B4-9172-C87C220B740B}.Release|Mixed Platforms.Build.0 = Release|Any CPU
		{55442AA5-FCF5-46B4-9172-C87C220B740B}.Release|x86.ActiveCfg = Release|Any CPU
		{55442AA5-FCF5-46B4-9172-C87C220B740B}.Release|Xbox 360.ActiveCfg = Release|Any CPU
		{55442AA5-FCF5-46B4-9172-C87C220B740B}.Release|Zune.ActiveCfg = Release|Any CPU
		{3D608722-1A6C-45F7-9A5C-014DCAEA4032}.Debug|Any CPU.ActiveCfg = Debug|Any CPU
		{3D608722-1A6C-45F7-9A5C-014DCAEA4032}.Debug|Any CPU.Build.0 = Debug|Any CPU
		{3D608722-1A6C-45F7-9A5C-014DCAEA4032}.Debug|Mixed Platforms.ActiveCfg = Debug|x86
		{3D608722-1A6C-45F7-9A5C-014DCAEA4032}.Debug|Mixed Platforms.Build.0 = Debug|x86
		{3D608722-1A6C-45F7-9A5C-014DCAEA4032}.Debug|x86.ActiveCfg = Debug|x86
		{3D608722-1A6C-45F7-9A5C-014DCAEA4032}.Debug|x86.Build.0 = Debug|x86
		{3D608722-1A6C-45F7-9A5C-014DCAEA4032}.Debug|Xbox 360.ActiveCfg = Debug|x86
		{3D608722-1A6C-45F7-9A5C-014DCAEA4032}.Debug|Zune.ActiveCfg = Debug|Any CPU
		{3D608722-1A6C-45F7-9A5C-014DCAEA4032}.Release|Any CPU.ActiveCfg = Release|Any CPU
		{3D608722-1A6C-45F7-9A5C-014DCAEA4032}.Release|Any CPU.Build.0 = Release|Any CPU
		{3D608722-1A6C-45F7-9A5C-014DCAEA4032}.Release|Mixed Platforms.ActiveCfg = Release|x86
		{3D608722-1A6C-45F7-9A5C-014DCAEA4032}.Release|Mixed Platforms.Build.0 = Release|x86
		{3D608722-1A6C-45F7-9A5C-014DCAEA4032}.Release|x86.ActiveCfg = Release|x86
		{3D608722-1A6C-45F7-9A5C-014DCAEA4032}.Release|x86.Build.0 = Release|x86
		{3D608722-1A6C-45F7-9A5C-014DCAEA4032}.Release|Xbox 360.ActiveCfg = Release|x86
		{3D608722-1A6C-45F7-9A5C-014DCAEA4032}.Release|Zune.ActiveCfg = Release|Any CPU
		{5DBF6DE3-CD14-4107-AA65-66C8ACB838FD}.Debug|Any CPU.ActiveCfg = Debug|Any CPU
		{5DBF6DE3-CD14-4107-AA65-66C8ACB838FD}.Debug|Any CPU.Build.0 = Debug|Any CPU
		{5DBF6DE3-CD14-4107-AA65-66C8ACB838FD}.Debug|Mixed Platforms.ActiveCfg = Debug|Any CPU
		{5DBF6DE3-CD14-4107-AA65-66C8ACB838FD}.Debug|Mixed Platforms.Build.0 = Debug|Any CPU
		{5DBF6DE3-CD14-4107-AA65-66C8ACB838FD}.Debug|x86.ActiveCfg = Debug|Any CPU
		{5DBF6DE3-CD14-4107-AA65-66C8ACB838FD}.Debug|Xbox 360.ActiveCfg = Debug|Any CPU
		{5DBF6DE3-CD14-4107-AA65-66C8ACB838FD}.Debug|Zune.ActiveCfg = Debug|Any CPU
		{5DBF6DE3-CD14-4107-AA65-66C8ACB838FD}.Release|Any CPU.ActiveCfg = Release|Any CPU
		{5DBF6DE3-CD14-4107-AA65-66C8ACB838FD}.Release|Any CPU.Build.0 = Release|Any CPU
		{5DBF6DE3-CD14-4107-AA65-66C8ACB838FD}.Release|Mixed Platforms.ActiveCfg = Release|Any CPU
		{5DBF6DE3-CD14-4107-AA65-66C8ACB838FD}.Release|Mixed Platforms.Build.0 = Release|Any CPU
		{5DBF6DE3-CD14-4107-AA65-66C8ACB838FD}.Release|x86.ActiveCfg = Release|Any CPU
		{5DBF6DE3-CD14-4107-AA65-66C8ACB838FD}.Release|Xbox 360.ActiveCfg = Release|Any CPU
		{5DBF6DE3-CD14-4107-AA65-66C8ACB838FD}.Release|Zune.ActiveCfg = Release|Any CPU
		{8A725164-6D07-4B8E-8508-DAB995D6CD49}.Debug|Any CPU.ActiveCfg = Debug|Any CPU
		{8A725164-6D07-4B8E-8508-DAB995D6CD49}.Debug|Any CPU.Build.0 = Debug|Any CPU
		{8A725164-6D07-4B8E-8508-DAB995D6CD49}.Debug|Mixed Platforms.ActiveCfg = Debug|x86
		{8A725164-6D07-4B8E-8508-DAB995D6CD49}.Debug|Mixed Platforms.Build.0 = Debug|x86
		{8A725164-6D07-4B8E-8508-DAB995D6CD49}.Debug|x86.ActiveCfg = Debug|x86
		{8A725164-6D07-4B8E-8508-DAB995D6CD49}.Debug|x86.Build.0 = Debug|x86
		{8A725164-6D07-4B8E-8508-DAB995D6CD49}.Debug|Xbox 360.ActiveCfg = Debug|x86
		{8A725164-6D07-4B8E-8508-DAB995D6CD49}.Debug|Zune.ActiveCfg = Debug|Any CPU
		{8A725164-6D07-4B8E-8508-DAB995D6CD49}.Release|Any CPU.ActiveCfg = Release|Any CPU
		{8A725164-6D07-4B8E-8508-DAB995D6CD49}.Release|Any CPU.Build.0 = Release|Any CPU
		{8A725164-6D07-4B8E-8508-DAB995D6CD49}.Release|Mixed Platforms.ActiveCfg = Release|x86
		{8A725164-6D07-4B8E-8508-DAB995D6CD49}.Release|Mixed Platforms.Build.0 = Release|x86
		{8A725164-6D07-4B8E-8508-DAB995D6CD49}.Release|x86.ActiveCfg = Release|x86
		{8A725164-6D07-4B8E-8508-DAB995D6CD49}.Release|x86.Build.0 = Release|x86
		{8A725164-6D07-4B8E-8508-DAB995D6CD49}.Release|Xbox 360.ActiveCfg = Release|x86
		{8A725164-6D07-4B8E-8508-DAB995D6CD49}.Release|Zune.ActiveCfg = Release|Any CPU
		{048B3274-7EA8-437E-A018-7FBB125C6686}.Debug|Any CPU.ActiveCfg = Debug|Any CPU
		{048B3274-7EA8-437E-A018-7FBB125C6686}.Debug|Any CPU.Build.0 = Debug|Any CPU
		{048B3274-7EA8-437E-A018-7FBB125C6686}.Debug|Mixed Platforms.ActiveCfg = Debug|x86
		{048B3274-7EA8-437E-A018-7FBB125C6686}.Debug|Mixed Platforms.Build.0 = Debug|x86
		{048B3274-7EA8-437E-A018-7FBB125C6686}.Debug|x86.ActiveCfg = Debug|x86
		{048B3274-7EA8-437E-A018-7FBB125C6686}.Debug|x86.Build.0 = Debug|x86
		{048B3274-7EA8-437E-A018-7FBB125C6686}.Debug|Xbox 360.ActiveCfg = Debug|x86
		{048B3274-7EA8-437E-A018-7FBB125C6686}.Debug|Zune.ActiveCfg = Debug|Any CPU
		{048B3274-7EA8-437E-A018-7FBB125C6686}.Release|Any CPU.ActiveCfg = Release|Any CPU
		{048B3274-7EA8-437E-A018-7FBB125C6686}.Release|Any CPU.Build.0 = Release|Any CPU
		{048B3274-7EA8-437E-A018-7FBB125C6686}.Release|Mixed Platforms.ActiveCfg = Release|x86
		{048B3274-7EA8-437E-A018-7FBB125C6686}.Release|Mixed Platforms.Build.0 = Release|x86
		{048B3274-7EA8-437E-A018-7FBB125C6686}.Release|x86.ActiveCfg = Release|x86
		{048B3274-7EA8-437E-A018-7FBB125C6686}.Release|x86.Build.0 = Release|x86
		{048B3274-7EA8-437E-A018-7FBB125C6686}.Release|Xbox 360.ActiveCfg = Release|x86
		{048B3274-7EA8-437E-A018-7FBB125C6686}.Release|Zune.ActiveCfg = Release|Any CPU
		{0F0DAE89-66C5-45DB-9B42-9B86ECE0E084}.Debug|Any CPU.ActiveCfg = Debug|Any CPU
		{0F0DAE89-66C5-45DB-9B42-9B86ECE0E084}.Debug|Any CPU.Build.0 = Debug|Any CPU
		{0F0DAE89-66C5-45DB-9B42-9B86ECE0E084}.Debug|Mixed Platforms.ActiveCfg = Debug|x86
		{0F0DAE89-66C5-45DB-9B42-9B86ECE0E084}.Debug|Mixed Platforms.Build.0 = Debug|x86
		{0F0DAE89-66C5-45DB-9B42-9B86ECE0E084}.Debug|x86.ActiveCfg = Debug|x86
		{0F0DAE89-66C5-45DB-9B42-9B86ECE0E084}.Debug|x86.Build.0 = Debug|x86
		{0F0DAE89-66C5-45DB-9B42-9B86ECE0E084}.Debug|Xbox 360.ActiveCfg = Debug|x86
		{0F0DAE89-66C5-45DB-9B42-9B86ECE0E084}.Debug|Zune.ActiveCfg = Debug|Any CPU
		{0F0DAE89-66C5-45DB-9B42-9B86ECE0E084}.Release|Any CPU.ActiveCfg = Release|Any CPU
		{0F0DAE89-66C5-45DB-9B42-9B86ECE0E084}.Release|Any CPU.Build.0 = Release|Any CPU
		{0F0DAE89-66C5-45DB-9B42-9B86ECE0E084}.Release|Mixed Platforms.ActiveCfg = Release|x86
		{0F0DAE89-66C5-45DB-9B42-9B86ECE0E084}.Release|Mixed Platforms.Build.0 = Release|x86
		{0F0DAE89-66C5-45DB-9B42-9B86ECE0E084}.Release|x86.ActiveCfg = Release|x86
		{0F0DAE89-66C5-45DB-9B42-9B86ECE0E084}.Release|x86.Build.0 = Release|x86
		{0F0DAE89-66C5-45DB-9B42-9B86ECE0E084}.Release|Xbox 360.ActiveCfg = Release|x86
		{0F0DAE89-66C5-45DB-9B42-9B86ECE0E084}.Release|Zune.ActiveCfg = Release|Any CPU
		{7CD6DE69-5E6C-4CB6-AD55-F0D517447773}.Debug|Any CPU.ActiveCfg = Debug|Any CPU
		{7CD6DE69-5E6C-4CB6-AD55-F0D517447773}.Debug|Any CPU.Build.0 = Debug|Any CPU
		{7CD6DE69-5E6C-4CB6-AD55-F0D517447773}.Debug|Mixed Platforms.ActiveCfg = Debug|x86
		{7CD6DE69-5E6C-4CB6-AD55-F0D517447773}.Debug|Mixed Platforms.Build.0 = Debug|x86
		{7CD6DE69-5E6C-4CB6-AD55-F0D517447773}.Debug|x86.ActiveCfg = Debug|x86
		{7CD6DE69-5E6C-4CB6-AD55-F0D517447773}.Debug|x86.Build.0 = Debug|x86
		{7CD6DE69-5E6C-4CB6-AD55-F0D517447773}.Debug|Xbox 360.ActiveCfg = Debug|x86
		{7CD6DE69-5E6C-4CB6-AD55-F0D517447773}.Debug|Zune.ActiveCfg = Debug|Any CPU
		{7CD6DE69-5E6C-4CB6-AD55-F0D517447773}.Release|Any CPU.ActiveCfg = Release|Any CPU
		{7CD6DE69-5E6C-4CB6-AD55-F0D517447773}.Release|Any CPU.Build.0 = Release|Any CPU
		{7CD6DE69-5E6C-4CB6-AD55-F0D517447773}.Release|Mixed Platforms.ActiveCfg = Release|x86
		{7CD6DE69-5E6C-4CB6-AD55-F0D517447773}.Release|Mixed Platforms.Build.0 = Release|x86
		{7CD6DE69-5E6C-4CB6-AD55-F0D517447773}.Release|x86.ActiveCfg = Release|x86
		{7CD6DE69-5E6C-4CB6-AD55-F0D517447773}.Release|x86.Build.0 = Release|x86
		{7CD6DE69-5E6C-4CB6-AD55-F0D517447773}.Release|Xbox 360.ActiveCfg = Release|x86
		{7CD6DE69-5E6C-4CB6-AD55-F0D517447773}.Release|Zune.ActiveCfg = Release|Any CPU
		{C24EB2F9-2705-4A93-898D-CE1F580D0995}.Debug|Any CPU.ActiveCfg = Debug|Any CPU
		{C24EB2F9-2705-4A93-898D-CE1F580D0995}.Debug|Any CPU.Build.0 = Debug|Any CPU
		{C24EB2F9-2705-4A93-898D-CE1F580D0995}.Debug|Mixed Platforms.ActiveCfg = Debug|Any CPU
		{C24EB2F9-2705-4A93-898D-CE1F580D0995}.Debug|Mixed Platforms.Build.0 = Debug|Any CPU
		{C24EB2F9-2705-4A93-898D-CE1F580D0995}.Debug|x86.ActiveCfg = Debug|Any CPU
		{C24EB2F9-2705-4A93-898D-CE1F580D0995}.Debug|Xbox 360.ActiveCfg = Debug|Any CPU
		{C24EB2F9-2705-4A93-898D-CE1F580D0995}.Debug|Zune.ActiveCfg = Debug|Any CPU
		{C24EB2F9-2705-4A93-898D-CE1F580D0995}.Release|Any CPU.ActiveCfg = Release|Any CPU
		{C24EB2F9-2705-4A93-898D-CE1F580D0995}.Release|Any CPU.Build.0 = Release|Any CPU
		{C24EB2F9-2705-4A93-898D-CE1F580D0995}.Release|Mixed Platforms.ActiveCfg = Release|Any CPU
		{C24EB2F9-2705-4A93-898D-CE1F580D0995}.Release|Mixed Platforms.Build.0 = Release|Any CPU
		{C24EB2F9-2705-4A93-898D-CE1F580D0995}.Release|x86.ActiveCfg = Release|Any CPU
		{C24EB2F9-2705-4A93-898D-CE1F580D0995}.Release|Xbox 360.ActiveCfg = Release|Any CPU
		{C24EB2F9-2705-4A93-898D-CE1F580D0995}.Release|Zune.ActiveCfg = Release|Any CPU
		{8FA48EF8-3E11-494A-B587-592D7C22EFDF}.Debug|Any CPU.ActiveCfg = Debug|Any CPU
		{8FA48EF8-3E11-494A-B587-592D7C22EFDF}.Debug|Any CPU.Build.0 = Debug|Any CPU
		{8FA48EF8-3E11-494A-B587-592D7C22EFDF}.Debug|Mixed Platforms.ActiveCfg = Debug|Any CPU
		{8FA48EF8-3E11-494A-B587-592D7C22EFDF}.Debug|Mixed Platforms.Build.0 = Debug|Any CPU
		{8FA48EF8-3E11-494A-B587-592D7C22EFDF}.Debug|x86.ActiveCfg = Debug|Any CPU
		{8FA48EF8-3E11-494A-B587-592D7C22EFDF}.Debug|Xbox 360.ActiveCfg = Debug|x86
		{8FA48EF8-3E11-494A-B587-592D7C22EFDF}.Debug|Zune.ActiveCfg = Debug|x86
		{8FA48EF8-3E11-494A-B587-592D7C22EFDF}.Release|Any CPU.ActiveCfg = Release|Any CPU
		{8FA48EF8-3E11-494A-B587-592D7C22EFDF}.Release|Any CPU.Build.0 = Release|Any CPU
		{8FA48EF8-3E11-494A-B587-592D7C22EFDF}.Release|Mixed Platforms.ActiveCfg = Release|Any CPU
		{8FA48EF8-3E11-494A-B587-592D7C22EFDF}.Release|Mixed Platforms.Build.0 = Release|Any CPU
		{8FA48EF8-3E11-494A-B587-592D7C22EFDF}.Release|x86.ActiveCfg = Release|x86
		{8FA48EF8-3E11-494A-B587-592D7C22EFDF}.Release|x86.Build.0 = Release|x86
		{8FA48EF8-3E11-494A-B587-592D7C22EFDF}.Release|Xbox 360.ActiveCfg = Release|x86
		{8FA48EF8-3E11-494A-B587-592D7C22EFDF}.Release|Zune.ActiveCfg = Release|x86
		{D0FE49CC-1B13-4C04-B3C1-C1A9B1872A36}.Debug|Any CPU.ActiveCfg = Debug|Any CPU
		{D0FE49CC-1B13-4C04-B3C1-C1A9B1872A36}.Debug|Any CPU.Build.0 = Debug|Any CPU
		{D0FE49CC-1B13-4C04-B3C1-C1A9B1872A36}.Debug|Mixed Platforms.ActiveCfg = Debug|x86
		{D0FE49CC-1B13-4C04-B3C1-C1A9B1872A36}.Debug|Mixed Platforms.Build.0 = Debug|x86
		{D0FE49CC-1B13-4C04-B3C1-C1A9B1872A36}.Debug|x86.ActiveCfg = Debug|x86
		{D0FE49CC-1B13-4C04-B3C1-C1A9B1872A36}.Debug|x86.Build.0 = Debug|x86
		{D0FE49CC-1B13-4C04-B3C1-C1A9B1872A36}.Debug|Xbox 360.ActiveCfg = Debug|x86
		{D0FE49CC-1B13-4C04-B3C1-C1A9B1872A36}.Debug|Zune.ActiveCfg = Debug|Any CPU
		{D0FE49CC-1B13-4C04-B3C1-C1A9B1872A36}.Release|Any CPU.ActiveCfg = Release|Any CPU
		{D0FE49CC-1B13-4C04-B3C1-C1A9B1872A36}.Release|Any CPU.Build.0 = Release|Any CPU
		{D0FE49CC-1B13-4C04-B3C1-C1A9B1872A36}.Release|Mixed Platforms.ActiveCfg = Release|x86
		{D0FE49CC-1B13-4C04-B3C1-C1A9B1872A36}.Release|Mixed Platforms.Build.0 = Release|x86
		{D0FE49CC-1B13-4C04-B3C1-C1A9B1872A36}.Release|x86.ActiveCfg = Release|x86
		{D0FE49CC-1B13-4C04-B3C1-C1A9B1872A36}.Release|x86.Build.0 = Release|x86
		{D0FE49CC-1B13-4C04-B3C1-C1A9B1872A36}.Release|Xbox 360.ActiveCfg = Release|x86
		{D0FE49CC-1B13-4C04-B3C1-C1A9B1872A36}.Release|Zune.ActiveCfg = Release|Any CPU
	EndGlobalSection
	GlobalSection(SolutionProperties) = preSolution
		HideSolutionNode = FALSE
	EndGlobalSection
	GlobalSection(NestedProjects) = preSolution
		{11F7052A-61DD-4259-931C-E8BA30D92FAB} = {B2FA4CB2-1E40-417A-AC71-A613B7C87BBD}
		{A60C23D1-54FF-4E8A-A411-E6AD7B89D72A} = {B2FA4CB2-1E40-417A-AC71-A613B7C87BBD}
		{3BE7150F-648C-4B5F-BA42-AE8306074E94} = {11F7052A-61DD-4259-931C-E8BA30D92FAB}
		{96113FFC-A453-480E-86D1-C0D317695E2C} = {11F7052A-61DD-4259-931C-E8BA30D92FAB}
		{3BA68091-EE43-47EF-BEBA-CE51BA6D04A1} = {11F7052A-61DD-4259-931C-E8BA30D92FAB}
		{DE4085EF-61E6-48C5-8D5A-2EFE591669F8} = {11F7052A-61DD-4259-931C-E8BA30D92FAB}
		{739AE4FC-C344-452D-ACBE-7CF61CF25EB8} = {B2FA4CB2-1E40-417A-AC71-A613B7C87BBD}
		{1A9CCA06-EF33-4625-8DC1-A6E83EB80E66} = {B2FA4CB2-1E40-417A-AC71-A613B7C87BBD}
		{06D37D28-562A-44E0-88C1-63994E14BC2E} = {A60C23D1-54FF-4E8A-A411-E6AD7B89D72A}
		{49A4E7E3-AB5D-4F1E-84D4-59824D55BE4F} = {A60C23D1-54FF-4E8A-A411-E6AD7B89D72A}
		{20651994-5C5D-4B15-A393-D9C8701F6550} = {A60C23D1-54FF-4E8A-A411-E6AD7B89D72A}
		{F0F8753D-5960-43B4-81F6-A0018A7762A5} = {A60C23D1-54FF-4E8A-A411-E6AD7B89D72A}
		{B7936F01-734A-4304-AFEE-A6CEF8ABA085} = {11F7052A-61DD-4259-931C-E8BA30D92FAB}
		{D9DE4454-01BF-47E0-A4EC-9870FDED4196} = {B2FA4CB2-1E40-417A-AC71-A613B7C87BBD}
		{E42C2BFC-4DDC-4E80-A54F-80606AE255ED} = {D9DE4454-01BF-47E0-A4EC-9870FDED4196}
		{84C43E97-CE18-4A33-99BF-98A19E5E2093} = {D9DE4454-01BF-47E0-A4EC-9870FDED4196}
		{2ADB8ED4-647E-4DCC-9387-E50D6A03CA39} = {D9DE4454-01BF-47E0-A4EC-9870FDED4196}
		{55442AA5-FCF5-46B4-9172-C87C220B740B} = {D9DE4454-01BF-47E0-A4EC-9870FDED4196}
		{3D608722-1A6C-45F7-9A5C-014DCAEA4032} = {11F7052A-61DD-4259-931C-E8BA30D92FAB}
		{5DBF6DE3-CD14-4107-AA65-66C8ACB838FD} = {A60C23D1-54FF-4E8A-A411-E6AD7B89D72A}
		{8A725164-6D07-4B8E-8508-DAB995D6CD49} = {B2FA4CB2-1E40-417A-AC71-A613B7C87BBD}
		{048B3274-7EA8-437E-A018-7FBB125C6686} = {B15BDB12-6A4A-433E-8A3B-26049EE339F9}
		{0F0DAE89-66C5-45DB-9B42-9B86ECE0E084} = {B15BDB12-6A4A-433E-8A3B-26049EE339F9}
		{B15BDB12-6A4A-433E-8A3B-26049EE339F9} = {B2FA4CB2-1E40-417A-AC71-A613B7C87BBD}
		{7CD6DE69-5E6C-4CB6-AD55-F0D517447773} = {B15BDB12-6A4A-433E-8A3B-26049EE339F9}
		{C24EB2F9-2705-4A93-898D-CE1F580D0995} = {B15BDB12-6A4A-433E-8A3B-26049EE339F9}
	EndGlobalSection
EndGlobal
