
Microsoft Visual Studio Solution File, Format Version 10.00
# Visual Studio 2008
Project("{FAE04EC0-301F-11D3-BF4B-00C04F79EFBC}") = "AWMapInserter", "AWMapInserter\AWMapInserter.csproj", "{B3D07EFC-3770-4855-9AC1-7FED6CFDD381}"
EndProject
Global
	GlobalSection(SolutionConfigurationPlatforms) = preSolution
		Debug|Any CPU = Debug|Any CPU
		Release|Any CPU = Release|Any CPU
	EndGlobalSection
	GlobalSection(ProjectConfigurationPlatforms) = postSolution
		{B3D07EFC-3770-4855-9AC1-7FED6CFDD381}.Debug|Any CPU.ActiveCfg = Debug|Any CPU
		{B3D07EFC-3770-4855-9AC1-7FED6CFDD381}.Debug|Any CPU.Build.0 = Debug|Any CPU
		{B3D07EFC-3770-4855-9AC1-7FED6CFDD381}.Release|Any CPU.ActiveCfg = Release|Any CPU
		{B3D07EFC-3770-4855-9AC1-7FED6CFDD381}.Release|Any CPU.Build.0 = Release|Any CPU
	EndGlobalSection
	GlobalSection(SolutionProperties) = preSolution
		HideSolutionNode = FALSE
	EndGlobalSection
EndGlobal
