
Microsoft Visual Studio Solution File, Format Version 10.00
# Visual C# Express 2008
Project("{FAE04EC0-301F-11D3-BF4B-00C04F79EFBC}") = "Alltext editor", "Alltext editor\Alltext editor.csproj", "{871D653B-04A0-4892-950A-754E5B349F52}"
EndProject
Global
	GlobalSection(SolutionConfigurationPlatforms) = preSolution
		Debug|Any CPU = Debug|Any CPU
		Release|Any CPU = Release|Any CPU
	EndGlobalSection
	GlobalSection(ProjectConfigurationPlatforms) = postSolution
		{871D653B-04A0-4892-950A-754E5B349F52}.Debug|Any CPU.ActiveCfg = Debug|Any CPU
		{871D653B-04A0-4892-950A-754E5B349F52}.Debug|Any CPU.Build.0 = Debug|Any CPU
		{871D653B-04A0-4892-950A-754E5B349F52}.Release|Any CPU.ActiveCfg = Release|Any CPU
		{871D653B-04A0-4892-950A-754E5B349F52}.Release|Any CPU.Build.0 = Release|Any CPU
	EndGlobalSection
	GlobalSection(SolutionProperties) = preSolution
		HideSolutionNode = FALSE
	EndGlobalSection
EndGlobal
